
Microsoft Visual Studio Solution File, Format Version 12.00
# Visual Studio 2015
Project("{FAE04EC0-301F-11D3-BF4B-00C04F79EFBC}") = "MD-visualization.CSharp.Plugins", "MD-visualization.CSharp.Plugins.csproj", "{09E92548-63EC-A185-75FA-CB46E4C5404E}"
EndProject
Project("{FAE04EC0-301F-11D3-BF4B-00C04F79EFBC}") = "MD-visualization.CSharp", "MD-visualization.CSharp.csproj", "{CB5069EA-1874-1ED8-7BFD-B9C161E899B8}"
EndProject
Project("{FAE04EC0-301F-11D3-BF4B-00C04F79EFBC}") = "MD-visualization.CSharp.Editor", "MD-visualization.CSharp.Editor.csproj", "{522A7519-14AF-BA59-DC25-916386A21479}"
EndProject
Global
	GlobalSection(SolutionConfigurationPlatforms) = preSolution
		Debug|Any CPU = Debug|Any CPU
		Release|Any CPU = Release|Any CPU
	EndGlobalSection
	GlobalSection(ProjectConfigurationPlatforms) = postSolution
		{09E92548-63EC-A185-75FA-CB46E4C5404E}.Debug|Any CPU.ActiveCfg = Debug|Any CPU
		{09E92548-63EC-A185-75FA-CB46E4C5404E}.Debug|Any CPU.Build.0 = Debug|Any CPU
		{09E92548-63EC-A185-75FA-CB46E4C5404E}.Release|Any CPU.ActiveCfg = Release|Any CPU
		{09E92548-63EC-A185-75FA-CB46E4C5404E}.Release|Any CPU.Build.0 = Release|Any CPU
		{CB5069EA-1874-1ED8-7BFD-B9C161E899B8}.Debug|Any CPU.ActiveCfg = Debug|Any CPU
		{CB5069EA-1874-1ED8-7BFD-B9C161E899B8}.Debug|Any CPU.Build.0 = Debug|Any CPU
		{CB5069EA-1874-1ED8-7BFD-B9C161E899B8}.Release|Any CPU.ActiveCfg = Release|Any CPU
		{CB5069EA-1874-1ED8-7BFD-B9C161E899B8}.Release|Any CPU.Build.0 = Release|Any CPU
		{522A7519-14AF-BA59-DC25-916386A21479}.Debug|Any CPU.ActiveCfg = Debug|Any CPU
		{522A7519-14AF-BA59-DC25-916386A21479}.Debug|Any CPU.Build.0 = Debug|Any CPU
		{522A7519-14AF-BA59-DC25-916386A21479}.Release|Any CPU.ActiveCfg = Release|Any CPU
		{522A7519-14AF-BA59-DC25-916386A21479}.Release|Any CPU.Build.0 = Release|Any CPU
	EndGlobalSection
	GlobalSection(SolutionProperties) = preSolution
		HideSolutionNode = FALSE
	EndGlobalSection
EndGlobal
